
Microsoft Visual Studio Solution File, Format Version 12.00
# Visual Studio Version 17
VisualStudioVersion = 17.8.34525.116
MinimumVisualStudioVersion = 10.0.40219.1
Project("{FAE04EC0-301F-11D3-BF4B-00C04F79EFBC}") = "Esercizio", "Esercizio\Esercizio.csproj", "{7B881BE3-CD03-465B-9528-D39FD8A2A2A6}"
EndProject
Global
	GlobalSection(SolutionConfigurationPlatforms) = preSolution
		Debug|Any CPU = Debug|Any CPU
		Release|Any CPU = Release|Any CPU
	EndGlobalSection
	GlobalSection(ProjectConfigurationPlatforms) = postSolution
		{7B881BE3-CD03-465B-9528-D39FD8A2A2A6}.Debug|Any CPU.ActiveCfg = Debug|Any CPU
		{7B881BE3-CD03-465B-9528-D39FD8A2A2A6}.Debug|Any CPU.Build.0 = Debug|Any CPU
		{7B881BE3-CD03-465B-9528-D39FD8A2A2A6}.Release|Any CPU.ActiveCfg = Release|Any CPU
		{7B881BE3-CD03-465B-9528-D39FD8A2A2A6}.Release|Any CPU.Build.0 = Release|Any CPU
	EndGlobalSection
	GlobalSection(SolutionProperties) = preSolution
		HideSolutionNode = FALSE
	EndGlobalSection
	GlobalSection(ExtensibilityGlobals) = postSolution
		SolutionGuid = {69A4B06C-0C37-40EE-821E-7823ED5FD674}
	EndGlobalSection
EndGlobal
